
Microsoft Visual Studio Solution File, Format Version 12.00
# Visual Studio 15
VisualStudioVersion = 15.0.28307.168
MinimumVisualStudioVersion = 10.0.40219.1
Project("{FAE04EC0-301F-11D3-BF4B-00C04F79EFBC}") = "Task_5", "GB_CSharp_lvl_1.4\Task_5.csproj", "{78B54F25-D796-4F88-852E-8380395B5FDC}"
EndProject
Project("{FAE04EC0-301F-11D3-BF4B-00C04F79EFBC}") = "Task_1", "Task_1\Task_1.csproj", "{B6B523C1-82B3-4A51-9D20-A090CFC27229}"
EndProject
Project("{FAE04EC0-301F-11D3-BF4B-00C04F79EFBC}") = "Task_2", "Task_2\Task_2.csproj", "{ACDEC184-0ADC-4D65-AA91-3BCE78F52861}"
EndProject
Global
	GlobalSection(SolutionConfigurationPlatforms) = preSolution
		Debug|Any CPU = Debug|Any CPU
		Release|Any CPU = Release|Any CPU
	EndGlobalSection
	GlobalSection(ProjectConfigurationPlatforms) = postSolution
		{78B54F25-D796-4F88-852E-8380395B5FDC}.Debug|Any CPU.ActiveCfg = Debug|Any CPU
		{78B54F25-D796-4F88-852E-8380395B5FDC}.Debug|Any CPU.Build.0 = Debug|Any CPU
		{78B54F25-D796-4F88-852E-8380395B5FDC}.Release|Any CPU.ActiveCfg = Release|Any CPU
		{78B54F25-D796-4F88-852E-8380395B5FDC}.Release|Any CPU.Build.0 = Release|Any CPU
		{B6B523C1-82B3-4A51-9D20-A090CFC27229}.Debug|Any CPU.ActiveCfg = Debug|Any CPU
		{B6B523C1-82B3-4A51-9D20-A090CFC27229}.Debug|Any CPU.Build.0 = Debug|Any CPU
		{B6B523C1-82B3-4A51-9D20-A090CFC27229}.Release|Any CPU.ActiveCfg = Release|Any CPU
		{B6B523C1-82B3-4A51-9D20-A090CFC27229}.Release|Any CPU.Build.0 = Release|Any CPU
		{ACDEC184-0ADC-4D65-AA91-3BCE78F52861}.Debug|Any CPU.ActiveCfg = Debug|Any CPU
		{ACDEC184-0ADC-4D65-AA91-3BCE78F52861}.Debug|Any CPU.Build.0 = Debug|Any CPU
		{ACDEC184-0ADC-4D65-AA91-3BCE78F52861}.Release|Any CPU.ActiveCfg = Release|Any CPU
		{ACDEC184-0ADC-4D65-AA91-3BCE78F52861}.Release|Any CPU.Build.0 = Release|Any CPU
	EndGlobalSection
	GlobalSection(SolutionProperties) = preSolution
		HideSolutionNode = FALSE
	EndGlobalSection
	GlobalSection(ExtensibilityGlobals) = postSolution
		SolutionGuid = {77AA2E0E-A092-42B9-A870-7ACE3D8C041A}
	EndGlobalSection
EndGlobal
